
Microsoft Visual Studio Solution File, Format Version 12.00
# Visual Studio Version 17
VisualStudioVersion = 17.3.32825.248
MinimumVisualStudioVersion = 10.0.40219.1
Project("{9A19103F-16F7-4668-BE54-9A1E7A4F7556}") = "FirstFigthCS", "FirstFigthCS\FirstFigthCS.csproj", "{AE0CFC5A-5FA0-4621-9FF8-05BD1C351958}"
EndProject
Project("{9A19103F-16F7-4668-BE54-9A1E7A4F7556}") = "Oops", "Oops\Oops.csproj", "{EEF9F2D4-BF09-4221-95EE-7217B1266B09}"
EndProject
Project("{2150E333-8FDC-42A3-9474-1A3956D46DE8}") = "Lab11", "Lab11", "{FB7C2FDD-5EAA-4BBA-938A-6F2AB5E49817}"
EndProject
Project("{9A19103F-16F7-4668-BE54-9A1E7A4F7556}") = "PresentationConsole", "Lab11\PresentationConsole\PresentationConsole.csproj", "{687AC376-8A63-4FE0-A6D0-F570BC0FFD4E}"
EndProject
Project("{9A19103F-16F7-4668-BE54-9A1E7A4F7556}") = "EmpClassLib", "EmpClassLib\EmpClassLib.csproj", "{D7660C70-D52B-4097-BC19-76C2553265B1}"
EndProject
Project("{9A19103F-16F7-4668-BE54-9A1E7A4F7556}") = "MyCollections", "MyCollections\MyCollections.csproj", "{7579E77B-D316-4701-9E99-332FBB43ACE4}"
EndProject
Project("{9A19103F-16F7-4668-BE54-9A1E7A4F7556}") = "Delegates", "Delegates\Delegates.csproj", "{14B191DA-9A51-428A-AE96-E2CF5938A3E4}"
EndProject
Project("{9A19103F-16F7-4668-BE54-9A1E7A4F7556}") = "CalculateLab", "CalculateLab\CalculateLab.csproj", "{EE8AFF2A-448D-432A-8115-BED2370E0CDA}"
EndProject
Project("{2150E333-8FDC-42A3-9474-1A3956D46DE8}") = "lAB 13", "lAB 13", "{BD170715-113E-41D7-A192-011E250C7185}"
EndProject
Project("{9A19103F-16F7-4668-BE54-9A1E7A4F7556}") = "FirstApi", "FirstApi\FirstApi.csproj", "{F42081E0-A308-443B-89BD-22B769E3BA69}"
EndProject
Project("{2150E333-8FDC-42A3-9474-1A3956D46DE8}") = "Lab 17", "Lab 17", "{88B68063-129A-4542-B4E8-8FEAD9234CCF}"
EndProject
Project("{9A19103F-16F7-4668-BE54-9A1E7A4F7556}") = "IntegrationLab", "IntegrationLab\IntegrationLab.csproj", "{48645A53-35A6-4F96-85B6-0111F4BB10C8}"
EndProject
Project("{2150E333-8FDC-42A3-9474-1A3956D46DE8}") = "Data", "Data", "{B4DE9ABB-15BA-461A-B0F0-51DD48998D19}"
EndProject
Project("{9A19103F-16F7-4668-BE54-9A1E7A4F7556}") = "FirstMVC", "FirstMVC\FirstMVC.csproj", "{CB907A67-E3CD-4BED-864B-25CE2D33A2C7}"
EndProject
Project("{FAE04EC0-301F-11D3-BF4B-00C04F79EFBC}") = "MvcOld", "MvcOld\MvcOld.csproj", "{53C0D1E3-EE4B-4544-859E-42765930F3A8}"
EndProject
Project("{FAE04EC0-301F-11D3-BF4B-00C04F79EFBC}") = "FirstWebForm", "FirstWebForm\FirstWebForm.csproj", "{D488806E-4AA4-4D29-930A-6E31B55231DA}"
EndProject
Project("{FAE04EC0-301F-11D3-BF4B-00C04F79EFBC}") = "WithScriptsTemplate", "WithScriptsTemplate\WithScriptsTemplate.csproj", "{801AC8F1-0696-4A62-8BAE-E59B51A970E0}"
EndProject
Project("{FAE04EC0-301F-11D3-BF4B-00C04F79EFBC}") = "ForAuth", "ForAuth\ForAuth.csproj", "{0B99D9DE-E189-4553-A8CB-5A6B71D4EBEB}"
EndProject
Global
	GlobalSection(SolutionConfigurationPlatforms) = preSolution
		Debug|Any CPU = Debug|Any CPU
		Release|Any CPU = Release|Any CPU
	EndGlobalSection
	GlobalSection(ProjectConfigurationPlatforms) = postSolution
		{AE0CFC5A-5FA0-4621-9FF8-05BD1C351958}.Debug|Any CPU.ActiveCfg = Debug|Any CPU
		{AE0CFC5A-5FA0-4621-9FF8-05BD1C351958}.Debug|Any CPU.Build.0 = Debug|Any CPU
		{AE0CFC5A-5FA0-4621-9FF8-05BD1C351958}.Release|Any CPU.ActiveCfg = Release|Any CPU
		{AE0CFC5A-5FA0-4621-9FF8-05BD1C351958}.Release|Any CPU.Build.0 = Release|Any CPU
		{EEF9F2D4-BF09-4221-95EE-7217B1266B09}.Debug|Any CPU.ActiveCfg = Debug|Any CPU
		{EEF9F2D4-BF09-4221-95EE-7217B1266B09}.Debug|Any CPU.Build.0 = Debug|Any CPU
		{EEF9F2D4-BF09-4221-95EE-7217B1266B09}.Release|Any CPU.ActiveCfg = Release|Any CPU
		{EEF9F2D4-BF09-4221-95EE-7217B1266B09}.Release|Any CPU.Build.0 = Release|Any CPU
		{687AC376-8A63-4FE0-A6D0-F570BC0FFD4E}.Debug|Any CPU.ActiveCfg = Debug|Any CPU
		{687AC376-8A63-4FE0-A6D0-F570BC0FFD4E}.Debug|Any CPU.Build.0 = Debug|Any CPU
		{687AC376-8A63-4FE0-A6D0-F570BC0FFD4E}.Release|Any CPU.ActiveCfg = Release|Any CPU
		{687AC376-8A63-4FE0-A6D0-F570BC0FFD4E}.Release|Any CPU.Build.0 = Release|Any CPU
		{D7660C70-D52B-4097-BC19-76C2553265B1}.Debug|Any CPU.ActiveCfg = Debug|Any CPU
		{D7660C70-D52B-4097-BC19-76C2553265B1}.Debug|Any CPU.Build.0 = Debug|Any CPU
		{D7660C70-D52B-4097-BC19-76C2553265B1}.Release|Any CPU.ActiveCfg = Release|Any CPU
		{D7660C70-D52B-4097-BC19-76C2553265B1}.Release|Any CPU.Build.0 = Release|Any CPU
		{7579E77B-D316-4701-9E99-332FBB43ACE4}.Debug|Any CPU.ActiveCfg = Debug|Any CPU
		{7579E77B-D316-4701-9E99-332FBB43ACE4}.Debug|Any CPU.Build.0 = Debug|Any CPU
		{7579E77B-D316-4701-9E99-332FBB43ACE4}.Release|Any CPU.ActiveCfg = Release|Any CPU
		{7579E77B-D316-4701-9E99-332FBB43ACE4}.Release|Any CPU.Build.0 = Release|Any CPU
		{14B191DA-9A51-428A-AE96-E2CF5938A3E4}.Debug|Any CPU.ActiveCfg = Debug|Any CPU
		{14B191DA-9A51-428A-AE96-E2CF5938A3E4}.Debug|Any CPU.Build.0 = Debug|Any CPU
		{14B191DA-9A51-428A-AE96-E2CF5938A3E4}.Release|Any CPU.ActiveCfg = Release|Any CPU
		{14B191DA-9A51-428A-AE96-E2CF5938A3E4}.Release|Any CPU.Build.0 = Release|Any CPU
		{EE8AFF2A-448D-432A-8115-BED2370E0CDA}.Debug|Any CPU.ActiveCfg = Debug|Any CPU
		{EE8AFF2A-448D-432A-8115-BED2370E0CDA}.Debug|Any CPU.Build.0 = Debug|Any CPU
		{EE8AFF2A-448D-432A-8115-BED2370E0CDA}.Release|Any CPU.ActiveCfg = Release|Any CPU
		{EE8AFF2A-448D-432A-8115-BED2370E0CDA}.Release|Any CPU.Build.0 = Release|Any CPU
		{F42081E0-A308-443B-89BD-22B769E3BA69}.Debug|Any CPU.ActiveCfg = Debug|Any CPU
		{F42081E0-A308-443B-89BD-22B769E3BA69}.Debug|Any CPU.Build.0 = Debug|Any CPU
		{F42081E0-A308-443B-89BD-22B769E3BA69}.Release|Any CPU.ActiveCfg = Release|Any CPU
		{F42081E0-A308-443B-89BD-22B769E3BA69}.Release|Any CPU.Build.0 = Release|Any CPU
		{48645A53-35A6-4F96-85B6-0111F4BB10C8}.Debug|Any CPU.ActiveCfg = Debug|Any CPU
		{48645A53-35A6-4F96-85B6-0111F4BB10C8}.Debug|Any CPU.Build.0 = Debug|Any CPU
		{48645A53-35A6-4F96-85B6-0111F4BB10C8}.Release|Any CPU.ActiveCfg = Release|Any CPU
		{48645A53-35A6-4F96-85B6-0111F4BB10C8}.Release|Any CPU.Build.0 = Release|Any CPU
		{CB907A67-E3CD-4BED-864B-25CE2D33A2C7}.Debug|Any CPU.ActiveCfg = Debug|Any CPU
		{CB907A67-E3CD-4BED-864B-25CE2D33A2C7}.Debug|Any CPU.Build.0 = Debug|Any CPU
		{CB907A67-E3CD-4BED-864B-25CE2D33A2C7}.Release|Any CPU.ActiveCfg = Release|Any CPU
		{CB907A67-E3CD-4BED-864B-25CE2D33A2C7}.Release|Any CPU.Build.0 = Release|Any CPU
		{53C0D1E3-EE4B-4544-859E-42765930F3A8}.Debug|Any CPU.ActiveCfg = Debug|Any CPU
		{53C0D1E3-EE4B-4544-859E-42765930F3A8}.Debug|Any CPU.Build.0 = Debug|Any CPU
		{53C0D1E3-EE4B-4544-859E-42765930F3A8}.Release|Any CPU.ActiveCfg = Release|Any CPU
		{53C0D1E3-EE4B-4544-859E-42765930F3A8}.Release|Any CPU.Build.0 = Release|Any CPU
		{D488806E-4AA4-4D29-930A-6E31B55231DA}.Debug|Any CPU.ActiveCfg = Debug|Any CPU
		{D488806E-4AA4-4D29-930A-6E31B55231DA}.Debug|Any CPU.Build.0 = Debug|Any CPU
		{D488806E-4AA4-4D29-930A-6E31B55231DA}.Release|Any CPU.ActiveCfg = Release|Any CPU
		{D488806E-4AA4-4D29-930A-6E31B55231DA}.Release|Any CPU.Build.0 = Release|Any CPU
		{801AC8F1-0696-4A62-8BAE-E59B51A970E0}.Debug|Any CPU.ActiveCfg = Debug|Any CPU
		{801AC8F1-0696-4A62-8BAE-E59B51A970E0}.Debug|Any CPU.Build.0 = Debug|Any CPU
		{801AC8F1-0696-4A62-8BAE-E59B51A970E0}.Release|Any CPU.ActiveCfg = Release|Any CPU
		{801AC8F1-0696-4A62-8BAE-E59B51A970E0}.Release|Any CPU.Build.0 = Release|Any CPU
		{0B99D9DE-E189-4553-A8CB-5A6B71D4EBEB}.Debug|Any CPU.ActiveCfg = Debug|Any CPU
		{0B99D9DE-E189-4553-A8CB-5A6B71D4EBEB}.Debug|Any CPU.Build.0 = Debug|Any CPU
		{0B99D9DE-E189-4553-A8CB-5A6B71D4EBEB}.Release|Any CPU.ActiveCfg = Release|Any CPU
		{0B99D9DE-E189-4553-A8CB-5A6B71D4EBEB}.Release|Any CPU.Build.0 = Release|Any CPU
	EndGlobalSection
	GlobalSection(SolutionProperties) = preSolution
		HideSolutionNode = FALSE
	EndGlobalSection
	GlobalSection(NestedProjects) = preSolution
		{687AC376-8A63-4FE0-A6D0-F570BC0FFD4E} = {FB7C2FDD-5EAA-4BBA-938A-6F2AB5E49817}
		{D7660C70-D52B-4097-BC19-76C2553265B1} = {FB7C2FDD-5EAA-4BBA-938A-6F2AB5E49817}
		{EE8AFF2A-448D-432A-8115-BED2370E0CDA} = {BD170715-113E-41D7-A192-011E250C7185}
		{48645A53-35A6-4F96-85B6-0111F4BB10C8} = {88B68063-129A-4542-B4E8-8FEAD9234CCF}
		{B4DE9ABB-15BA-461A-B0F0-51DD48998D19} = {FB7C2FDD-5EAA-4BBA-938A-6F2AB5E49817}
	EndGlobalSection
	GlobalSection(ExtensibilityGlobals) = postSolution
		SolutionGuid = {1D907048-36A5-400E-9A02-9C9676131526}
	EndGlobalSection
EndGlobal
